
Microsoft Visual Studio Solution File, Format Version 12.00
# Visual Studio Version 16
VisualStudioVersion = 16.0.32126.315
MinimumVisualStudioVersion = 10.0.40219.1
Project("{FAE04EC0-301F-11D3-BF4B-00C04F79EFBC}") = "az-snappers-ui_mvc", "az-snappers-ui_mvc.csproj", "{6E6D7522-B045-4209-BF8E-0E8CC995C089}"
EndProject
Global
	GlobalSection(SolutionConfigurationPlatforms) = preSolution
		Debug|Any CPU = Debug|Any CPU
		Release|Any CPU = Release|Any CPU
	EndGlobalSection
	GlobalSection(ProjectConfigurationPlatforms) = postSolution
		{6E6D7522-B045-4209-BF8E-0E8CC995C089}.Debug|Any CPU.ActiveCfg = Debug|Any CPU
		{6E6D7522-B045-4209-BF8E-0E8CC995C089}.Debug|Any CPU.Build.0 = Debug|Any CPU
		{6E6D7522-B045-4209-BF8E-0E8CC995C089}.Release|Any CPU.ActiveCfg = Release|Any CPU
		{6E6D7522-B045-4209-BF8E-0E8CC995C089}.Release|Any CPU.Build.0 = Release|Any CPU
	EndGlobalSection
	GlobalSection(SolutionProperties) = preSolution
		HideSolutionNode = FALSE
	EndGlobalSection
	GlobalSection(ExtensibilityGlobals) = postSolution
		SolutionGuid = {056D4B34-D2B8-4758-BAF2-1B3F7939764D}
	EndGlobalSection
EndGlobal
